
Microsoft Visual Studio Solution File, Format Version 12.00
# Visual Studio Version 16
VisualStudioVersion = 16.0.33214.272
MinimumVisualStudioVersion = 10.0.40219.1
Project("{FAE04EC0-301F-11D3-BF4B-00C04F79EFBC}") = "LoginCoreMVC", "LoginCoreMVC\LoginCoreMVC.csproj", "{4661B710-90A1-4D4F-A523-F8DE8E8C073F}"
EndProject
Global
	GlobalSection(SolutionConfigurationPlatforms) = preSolution
		Debug|Any CPU = Debug|Any CPU
		Release|Any CPU = Release|Any CPU
	EndGlobalSection
	GlobalSection(ProjectConfigurationPlatforms) = postSolution
		{4661B710-90A1-4D4F-A523-F8DE8E8C073F}.Debug|Any CPU.ActiveCfg = Debug|Any CPU
		{4661B710-90A1-4D4F-A523-F8DE8E8C073F}.Debug|Any CPU.Build.0 = Debug|Any CPU
		{4661B710-90A1-4D4F-A523-F8DE8E8C073F}.Release|Any CPU.ActiveCfg = Release|Any CPU
		{4661B710-90A1-4D4F-A523-F8DE8E8C073F}.Release|Any CPU.Build.0 = Release|Any CPU
	EndGlobalSection
	GlobalSection(SolutionProperties) = preSolution
		HideSolutionNode = FALSE
	EndGlobalSection
	GlobalSection(ExtensibilityGlobals) = postSolution
		SolutionGuid = {713151A0-15E1-44ED-AFB7-F163B2AF5F88}
	EndGlobalSection
EndGlobal
